
Microsoft Visual Studio Solution File, Format Version 12.00
# Visual Studio 2013
VisualStudioVersion = 12.0.21005.1
MinimumVisualStudioVersion = 10.0.40219.1
Project("{FAE04EC0-301F-11D3-BF4B-00C04F79EFBC}") = "MacLook", "MacLook\MacLook.csproj", "{0C6327BA-A36B-45B0-8407-A2DE14CAC877}"
EndProject
Project("{FAE04EC0-301F-11D3-BF4B-00C04F79EFBC}") = "MacLookTest", "MacLookTest\MacLookTest.csproj", "{33B96361-0826-447B-9372-C26756477E2F}"
EndProject
Global
	GlobalSection(SolutionConfigurationPlatforms) = preSolution
		Debug|Any CPU = Debug|Any CPU
		Release|Any CPU = Release|Any CPU
	EndGlobalSection
	GlobalSection(ProjectConfigurationPlatforms) = postSolution
		{0C6327BA-A36B-45B0-8407-A2DE14CAC877}.Debug|Any CPU.ActiveCfg = Debug|Any CPU
		{0C6327BA-A36B-45B0-8407-A2DE14CAC877}.Debug|Any CPU.Build.0 = Debug|Any CPU
		{0C6327BA-A36B-45B0-8407-A2DE14CAC877}.Release|Any CPU.ActiveCfg = Release|Any CPU
		{0C6327BA-A36B-45B0-8407-A2DE14CAC877}.Release|Any CPU.Build.0 = Release|Any CPU
		{33B96361-0826-447B-9372-C26756477E2F}.Debug|Any CPU.ActiveCfg = Debug|Any CPU
		{33B96361-0826-447B-9372-C26756477E2F}.Debug|Any CPU.Build.0 = Debug|Any CPU
		{33B96361-0826-447B-9372-C26756477E2F}.Release|Any CPU.ActiveCfg = Release|Any CPU
		{33B96361-0826-447B-9372-C26756477E2F}.Release|Any CPU.Build.0 = Release|Any CPU
	EndGlobalSection
	GlobalSection(SolutionProperties) = preSolution
		HideSolutionNode = FALSE
	EndGlobalSection
EndGlobal
